
Microsoft Visual Studio Solution File, Format Version 12.00
# Visual Studio 2013
VisualStudioVersion = 12.0.21005.1
MinimumVisualStudioVersion = 10.0.40219.1
Project("{FAE04EC0-301F-11D3-BF4B-00C04F79EFBC}") = "01.Refactoring-Homework", "01.Refactoring-Homework\01.Refactoring-Homework.csproj", "{6757B783-D824-4A80-866E-DC76D3EB171B}"
EndProject
Project("{FAE04EC0-301F-11D3-BF4B-00C04F79EFBC}") = "02.HM-Design1", "02.HM-Design1\02.HM-Design1.csproj", "{185FBD4F-DE62-4236-BA2F-766FDA34AD4B}"
EndProject
Project("{FAE04EC0-301F-11D3-BF4B-00C04F79EFBC}") = "03.HM-Design2", "03.HM-Design2\03.HM-Design2.csproj", "{D5806375-BBD6-4D76-926D-8A5F58C3ACEA}"
EndProject
Global
	GlobalSection(SolutionConfigurationPlatforms) = preSolution
		Debug|Any CPU = Debug|Any CPU
		Release|Any CPU = Release|Any CPU
	EndGlobalSection
	GlobalSection(ProjectConfigurationPlatforms) = postSolution
		{6757B783-D824-4A80-866E-DC76D3EB171B}.Debug|Any CPU.ActiveCfg = Debug|Any CPU
		{6757B783-D824-4A80-866E-DC76D3EB171B}.Debug|Any CPU.Build.0 = Debug|Any CPU
		{6757B783-D824-4A80-866E-DC76D3EB171B}.Release|Any CPU.ActiveCfg = Release|Any CPU
		{6757B783-D824-4A80-866E-DC76D3EB171B}.Release|Any CPU.Build.0 = Release|Any CPU
		{185FBD4F-DE62-4236-BA2F-766FDA34AD4B}.Debug|Any CPU.ActiveCfg = Debug|Any CPU
		{185FBD4F-DE62-4236-BA2F-766FDA34AD4B}.Debug|Any CPU.Build.0 = Debug|Any CPU
		{185FBD4F-DE62-4236-BA2F-766FDA34AD4B}.Release|Any CPU.ActiveCfg = Release|Any CPU
		{185FBD4F-DE62-4236-BA2F-766FDA34AD4B}.Release|Any CPU.Build.0 = Release|Any CPU
		{D5806375-BBD6-4D76-926D-8A5F58C3ACEA}.Debug|Any CPU.ActiveCfg = Debug|Any CPU
		{D5806375-BBD6-4D76-926D-8A5F58C3ACEA}.Debug|Any CPU.Build.0 = Debug|Any CPU
		{D5806375-BBD6-4D76-926D-8A5F58C3ACEA}.Release|Any CPU.ActiveCfg = Release|Any CPU
		{D5806375-BBD6-4D76-926D-8A5F58C3ACEA}.Release|Any CPU.Build.0 = Release|Any CPU
	EndGlobalSection
	GlobalSection(SolutionProperties) = preSolution
		HideSolutionNode = FALSE
	EndGlobalSection
EndGlobal
