
Microsoft Visual Studio Solution File, Format Version 12.00
# Visual Studio 2013
VisualStudioVersion = 12.0.21005.1
MinimumVisualStudioVersion = 10.0.40219.1
Project("{FAE04EC0-301F-11D3-BF4B-00C04F79EFBC}") = "01.PersonalData-WebForm", "01.PersonalData-WebForm\01.PersonalData-WebForm.csproj", "{FFCF7212-0E6F-474A-B175-D6084B3EB37B}"
EndProject
Project("{FAE04EC0-301F-11D3-BF4B-00C04F79EFBC}") = "02.NotesTable", "02.NotesTable\02.NotesTable.csproj", "{7AA57E7E-96C4-4EF2-880F-672195C9BB74}"
EndProject
Project("{FAE04EC0-301F-11D3-BF4B-00C04F79EFBC}") = "03.Technopolis", "03.AppleStore\03.Technopolis.csproj", "{D789A346-CDE7-41A7-B7E2-7F65C594FFD1}"
EndProject
Project("{FAE04EC0-301F-11D3-BF4B-00C04F79EFBC}") = "04.Grid", "04.Grid\04.Grid.csproj", "{FF020BD9-5C95-4E41-AB98-6688F58A27C3}"
EndProject
Global
	GlobalSection(SolutionConfigurationPlatforms) = preSolution
		Debug|Any CPU = Debug|Any CPU
		Release|Any CPU = Release|Any CPU
	EndGlobalSection
	GlobalSection(ProjectConfigurationPlatforms) = postSolution
		{FFCF7212-0E6F-474A-B175-D6084B3EB37B}.Debug|Any CPU.ActiveCfg = Debug|Any CPU
		{FFCF7212-0E6F-474A-B175-D6084B3EB37B}.Debug|Any CPU.Build.0 = Debug|Any CPU
		{FFCF7212-0E6F-474A-B175-D6084B3EB37B}.Release|Any CPU.ActiveCfg = Release|Any CPU
		{FFCF7212-0E6F-474A-B175-D6084B3EB37B}.Release|Any CPU.Build.0 = Release|Any CPU
		{7AA57E7E-96C4-4EF2-880F-672195C9BB74}.Debug|Any CPU.ActiveCfg = Debug|Any CPU
		{7AA57E7E-96C4-4EF2-880F-672195C9BB74}.Debug|Any CPU.Build.0 = Debug|Any CPU
		{7AA57E7E-96C4-4EF2-880F-672195C9BB74}.Release|Any CPU.ActiveCfg = Release|Any CPU
		{7AA57E7E-96C4-4EF2-880F-672195C9BB74}.Release|Any CPU.Build.0 = Release|Any CPU
		{D789A346-CDE7-41A7-B7E2-7F65C594FFD1}.Debug|Any CPU.ActiveCfg = Debug|Any CPU
		{D789A346-CDE7-41A7-B7E2-7F65C594FFD1}.Debug|Any CPU.Build.0 = Debug|Any CPU
		{D789A346-CDE7-41A7-B7E2-7F65C594FFD1}.Release|Any CPU.ActiveCfg = Release|Any CPU
		{D789A346-CDE7-41A7-B7E2-7F65C594FFD1}.Release|Any CPU.Build.0 = Release|Any CPU
		{FF020BD9-5C95-4E41-AB98-6688F58A27C3}.Debug|Any CPU.ActiveCfg = Debug|Any CPU
		{FF020BD9-5C95-4E41-AB98-6688F58A27C3}.Debug|Any CPU.Build.0 = Debug|Any CPU
		{FF020BD9-5C95-4E41-AB98-6688F58A27C3}.Release|Any CPU.ActiveCfg = Release|Any CPU
		{FF020BD9-5C95-4E41-AB98-6688F58A27C3}.Release|Any CPU.Build.0 = Release|Any CPU
	EndGlobalSection
	GlobalSection(SolutionProperties) = preSolution
		HideSolutionNode = FALSE
	EndGlobalSection
EndGlobal
